
Microsoft Visual Studio Solution File, Format Version 12.00
# Visual Studio Version 17
VisualStudioVersion = 17.8.34322.80
MinimumVisualStudioVersion = 10.0.40219.1
Project("{FAE04EC0-301F-11D3-BF4B-00C04F79EFBC}") = "Laba 1.2 (2.S)", "Laba 1.2 (2.S)\Laba 1.2 (2.S).csproj", "{B2535C1E-EFF4-4853-9B6A-E3AAB91C909C}"
EndProject
Global
	GlobalSection(SolutionConfigurationPlatforms) = preSolution
		Debug|Any CPU = Debug|Any CPU
		Release|Any CPU = Release|Any CPU
	EndGlobalSection
	GlobalSection(ProjectConfigurationPlatforms) = postSolution
		{B2535C1E-EFF4-4853-9B6A-E3AAB91C909C}.Debug|Any CPU.ActiveCfg = Debug|Any CPU
		{B2535C1E-EFF4-4853-9B6A-E3AAB91C909C}.Debug|Any CPU.Build.0 = Debug|Any CPU
		{B2535C1E-EFF4-4853-9B6A-E3AAB91C909C}.Release|Any CPU.ActiveCfg = Release|Any CPU
		{B2535C1E-EFF4-4853-9B6A-E3AAB91C909C}.Release|Any CPU.Build.0 = Release|Any CPU
	EndGlobalSection
	GlobalSection(SolutionProperties) = preSolution
		HideSolutionNode = FALSE
	EndGlobalSection
	GlobalSection(ExtensibilityGlobals) = postSolution
		SolutionGuid = {24ECB066-674B-4B90-BA9A-1EC6D4E2AB6C}
	EndGlobalSection
EndGlobal
